
Microsoft Visual Studio Solution File, Format Version 12.00
# Visual Studio Version 17
VisualStudioVersion = 17.4.33213.308
MinimumVisualStudioVersion = 10.0.40219.1
Project("{FAE04EC0-301F-11D3-BF4B-00C04F79EFBC}") = "rmsoft.ChangeTracking", "rmsoft.ChangeTracking\rmsoft.ChangeTracking.csproj", "{B51F6364-0E99-4851-8006-A99860961891}"
EndProject
Project("{9A19103F-16F7-4668-BE54-9A1E7A4F7556}") = "rmsoft.ChangeTracking.TestApp", "rmsoft.ChangeTracking.TestApp\rmsoft.ChangeTracking.TestApp.csproj", "{E052725D-CC86-4AC0-B64B-6CF6FFFE5A0B}"
EndProject
Project("{FAE04EC0-301F-11D3-BF4B-00C04F79EFBC}") = "rmsoft.ChangeTracking.Tests", "rmsoft.ChangeTracking.Tests\rmsoft.ChangeTracking.Tests.csproj", "{818E9E5D-001A-4952-9F2A-5E565DE8742D}"
EndProject
Global
	GlobalSection(SolutionConfigurationPlatforms) = preSolution
		Debug|Any CPU = Debug|Any CPU
		Debug|x64 = Debug|x64
		Debug|x86 = Debug|x86
		Release|Any CPU = Release|Any CPU
		Release|x64 = Release|x64
		Release|x86 = Release|x86
	EndGlobalSection
	GlobalSection(ProjectConfigurationPlatforms) = postSolution
		{B51F6364-0E99-4851-8006-A99860961891}.Debug|Any CPU.ActiveCfg = Debug|Any CPU
		{B51F6364-0E99-4851-8006-A99860961891}.Debug|Any CPU.Build.0 = Debug|Any CPU
		{B51F6364-0E99-4851-8006-A99860961891}.Debug|x64.ActiveCfg = Debug|Any CPU
		{B51F6364-0E99-4851-8006-A99860961891}.Debug|x64.Build.0 = Debug|Any CPU
		{B51F6364-0E99-4851-8006-A99860961891}.Debug|x86.ActiveCfg = Debug|Any CPU
		{B51F6364-0E99-4851-8006-A99860961891}.Debug|x86.Build.0 = Debug|Any CPU
		{B51F6364-0E99-4851-8006-A99860961891}.Release|Any CPU.ActiveCfg = Release|Any CPU
		{B51F6364-0E99-4851-8006-A99860961891}.Release|Any CPU.Build.0 = Release|Any CPU
		{B51F6364-0E99-4851-8006-A99860961891}.Release|x64.ActiveCfg = Release|Any CPU
		{B51F6364-0E99-4851-8006-A99860961891}.Release|x64.Build.0 = Release|Any CPU
		{B51F6364-0E99-4851-8006-A99860961891}.Release|x86.ActiveCfg = Release|Any CPU
		{B51F6364-0E99-4851-8006-A99860961891}.Release|x86.Build.0 = Release|Any CPU
		{E052725D-CC86-4AC0-B64B-6CF6FFFE5A0B}.Debug|Any CPU.ActiveCfg = Debug|Any CPU
		{E052725D-CC86-4AC0-B64B-6CF6FFFE5A0B}.Debug|Any CPU.Build.0 = Debug|Any CPU
		{E052725D-CC86-4AC0-B64B-6CF6FFFE5A0B}.Debug|x64.ActiveCfg = Debug|Any CPU
		{E052725D-CC86-4AC0-B64B-6CF6FFFE5A0B}.Debug|x64.Build.0 = Debug|Any CPU
		{E052725D-CC86-4AC0-B64B-6CF6FFFE5A0B}.Debug|x86.ActiveCfg = Debug|Any CPU
		{E052725D-CC86-4AC0-B64B-6CF6FFFE5A0B}.Debug|x86.Build.0 = Debug|Any CPU
		{E052725D-CC86-4AC0-B64B-6CF6FFFE5A0B}.Release|Any CPU.ActiveCfg = Release|Any CPU
		{E052725D-CC86-4AC0-B64B-6CF6FFFE5A0B}.Release|Any CPU.Build.0 = Release|Any CPU
		{E052725D-CC86-4AC0-B64B-6CF6FFFE5A0B}.Release|x64.ActiveCfg = Release|Any CPU
		{E052725D-CC86-4AC0-B64B-6CF6FFFE5A0B}.Release|x64.Build.0 = Release|Any CPU
		{E052725D-CC86-4AC0-B64B-6CF6FFFE5A0B}.Release|x86.ActiveCfg = Release|Any CPU
		{E052725D-CC86-4AC0-B64B-6CF6FFFE5A0B}.Release|x86.Build.0 = Release|Any CPU
		{818E9E5D-001A-4952-9F2A-5E565DE8742D}.Debug|Any CPU.ActiveCfg = Debug|Any CPU
		{818E9E5D-001A-4952-9F2A-5E565DE8742D}.Debug|Any CPU.Build.0 = Debug|Any CPU
		{818E9E5D-001A-4952-9F2A-5E565DE8742D}.Debug|x64.ActiveCfg = Debug|Any CPU
		{818E9E5D-001A-4952-9F2A-5E565DE8742D}.Debug|x64.Build.0 = Debug|Any CPU
		{818E9E5D-001A-4952-9F2A-5E565DE8742D}.Debug|x86.ActiveCfg = Debug|Any CPU
		{818E9E5D-001A-4952-9F2A-5E565DE8742D}.Debug|x86.Build.0 = Debug|Any CPU
		{818E9E5D-001A-4952-9F2A-5E565DE8742D}.Release|Any CPU.ActiveCfg = Release|Any CPU
		{818E9E5D-001A-4952-9F2A-5E565DE8742D}.Release|Any CPU.Build.0 = Release|Any CPU
		{818E9E5D-001A-4952-9F2A-5E565DE8742D}.Release|x64.ActiveCfg = Release|Any CPU
		{818E9E5D-001A-4952-9F2A-5E565DE8742D}.Release|x64.Build.0 = Release|Any CPU
		{818E9E5D-001A-4952-9F2A-5E565DE8742D}.Release|x86.ActiveCfg = Release|Any CPU
		{818E9E5D-001A-4952-9F2A-5E565DE8742D}.Release|x86.Build.0 = Release|Any CPU
	EndGlobalSection
	GlobalSection(SolutionProperties) = preSolution
		HideSolutionNode = FALSE
	EndGlobalSection
	GlobalSection(ExtensibilityGlobals) = postSolution
		SolutionGuid = {9619BCE6-96DC-4512-A1F0-73124B0A9343}
	EndGlobalSection
EndGlobal
